
Microsoft Visual Studio Solution File, Format Version 12.00
# Visual Studio Version 16
VisualStudioVersion = 16.0.31410.357
MinimumVisualStudioVersion = 10.0.40219.1
Project("{FAE04EC0-301F-11D3-BF4B-00C04F79EFBC}") = "ProductReviewManagement", "ProductReviewManagement\ProductReviewManagement.csproj", "{799835BB-FCE7-4D3F-A79A-17E6600DFF48}"
EndProject
Global
	GlobalSection(SolutionConfigurationPlatforms) = preSolution
		Debug|Any CPU = Debug|Any CPU
		Release|Any CPU = Release|Any CPU
	EndGlobalSection
	GlobalSection(ProjectConfigurationPlatforms) = postSolution
		{799835BB-FCE7-4D3F-A79A-17E6600DFF48}.Debug|Any CPU.ActiveCfg = Debug|Any CPU
		{799835BB-FCE7-4D3F-A79A-17E6600DFF48}.Debug|Any CPU.Build.0 = Debug|Any CPU
		{799835BB-FCE7-4D3F-A79A-17E6600DFF48}.Release|Any CPU.ActiveCfg = Release|Any CPU
		{799835BB-FCE7-4D3F-A79A-17E6600DFF48}.Release|Any CPU.Build.0 = Release|Any CPU
	EndGlobalSection
	GlobalSection(SolutionProperties) = preSolution
		HideSolutionNode = FALSE
	EndGlobalSection
	GlobalSection(ExtensibilityGlobals) = postSolution
		SolutionGuid = {4806226A-0BCD-4E60-BD82-23269F18BB78}
	EndGlobalSection
EndGlobal
